
Microsoft Visual Studio Solution File, Format Version 12.00
# Visual Studio 15
VisualStudioVersion = 15.0.28010.2046
MinimumVisualStudioVersion = 10.0.40219.1
Project("{FAE04EC0-301F-11D3-BF4B-00C04F79EFBC}") = "LeagueTable", "LabFive\LeagueTable.csproj", "{3C08AB55-F27C-4094-992A-6718CC95A3C5}"
EndProject
Global
	GlobalSection(SolutionConfigurationPlatforms) = preSolution
		Debug|Any CPU = Debug|Any CPU
		Release|Any CPU = Release|Any CPU
	EndGlobalSection
	GlobalSection(ProjectConfigurationPlatforms) = postSolution
		{3C08AB55-F27C-4094-992A-6718CC95A3C5}.Debug|Any CPU.ActiveCfg = Debug|Any CPU
		{3C08AB55-F27C-4094-992A-6718CC95A3C5}.Debug|Any CPU.Build.0 = Debug|Any CPU
		{3C08AB55-F27C-4094-992A-6718CC95A3C5}.Release|Any CPU.ActiveCfg = Release|Any CPU
		{3C08AB55-F27C-4094-992A-6718CC95A3C5}.Release|Any CPU.Build.0 = Release|Any CPU
	EndGlobalSection
	GlobalSection(SolutionProperties) = preSolution
		HideSolutionNode = FALSE
	EndGlobalSection
	GlobalSection(ExtensibilityGlobals) = postSolution
		SolutionGuid = {3E726CBD-CF67-4477-B634-F0EB2ECC12A4}
	EndGlobalSection
EndGlobal
