
Microsoft Visual Studio Solution File, Format Version 12.00
# Visual Studio 15
VisualStudioVersion = 15.0.28010.2036
MinimumVisualStudioVersion = 10.0.40219.1
Project("{FAE04EC0-301F-11D3-BF4B-00C04F79EFBC}") = "TestFlight", "LabThree\TestFlight.csproj", "{78E5710E-FBDF-4FB3-85DC-68538AC5D872}"
EndProject
Project("{FAE04EC0-301F-11D3-BF4B-00C04F79EFBC}") = "TestCashRegister", "TestCashRegister\TestCashRegister.csproj", "{DCEF6820-08B2-4243-9521-EE956D8D0E25}"
EndProject
Project("{FAE04EC0-301F-11D3-BF4B-00C04F79EFBC}") = "DemoSquares", "DemoSquares\DemoSquares.csproj", "{C7B48071-3BA1-45CF-BC6B-C6670C28036C}"
EndProject
Global
	GlobalSection(SolutionConfigurationPlatforms) = preSolution
		Debug|Any CPU = Debug|Any CPU
		Release|Any CPU = Release|Any CPU
	EndGlobalSection
	GlobalSection(ProjectConfigurationPlatforms) = postSolution
		{78E5710E-FBDF-4FB3-85DC-68538AC5D872}.Debug|Any CPU.ActiveCfg = Debug|Any CPU
		{78E5710E-FBDF-4FB3-85DC-68538AC5D872}.Debug|Any CPU.Build.0 = Debug|Any CPU
		{78E5710E-FBDF-4FB3-85DC-68538AC5D872}.Release|Any CPU.ActiveCfg = Release|Any CPU
		{78E5710E-FBDF-4FB3-85DC-68538AC5D872}.Release|Any CPU.Build.0 = Release|Any CPU
		{DCEF6820-08B2-4243-9521-EE956D8D0E25}.Debug|Any CPU.ActiveCfg = Debug|Any CPU
		{DCEF6820-08B2-4243-9521-EE956D8D0E25}.Debug|Any CPU.Build.0 = Debug|Any CPU
		{DCEF6820-08B2-4243-9521-EE956D8D0E25}.Release|Any CPU.ActiveCfg = Release|Any CPU
		{DCEF6820-08B2-4243-9521-EE956D8D0E25}.Release|Any CPU.Build.0 = Release|Any CPU
		{C7B48071-3BA1-45CF-BC6B-C6670C28036C}.Debug|Any CPU.ActiveCfg = Debug|Any CPU
		{C7B48071-3BA1-45CF-BC6B-C6670C28036C}.Debug|Any CPU.Build.0 = Debug|Any CPU
		{C7B48071-3BA1-45CF-BC6B-C6670C28036C}.Release|Any CPU.ActiveCfg = Release|Any CPU
		{C7B48071-3BA1-45CF-BC6B-C6670C28036C}.Release|Any CPU.Build.0 = Release|Any CPU
	EndGlobalSection
	GlobalSection(SolutionProperties) = preSolution
		HideSolutionNode = FALSE
	EndGlobalSection
	GlobalSection(ExtensibilityGlobals) = postSolution
		SolutionGuid = {B959168C-858D-49F9-8893-7456E24A6D35}
	EndGlobalSection
EndGlobal
