
Microsoft Visual Studio Solution File, Format Version 12.00
# Visual Studio 15
VisualStudioVersion = 15.0.28306.52
MinimumVisualStudioVersion = 10.0.40219.1
Project("{FAE04EC0-301F-11D3-BF4B-00C04F79EFBC}") = "LabEight", "LabEight\LabEight.csproj", "{729B5506-2B5F-4120-9D56-DF51B4B0A0EE}"
EndProject
Project("{FAE04EC0-301F-11D3-BF4B-00C04F79EFBC}") = "OddEven", "OddEven\OddEven.csproj", "{29485215-4F64-4B77-9F73-82EE4FDCD100}"
EndProject
Project("{FAE04EC0-301F-11D3-BF4B-00C04F79EFBC}") = "DndApp", "ExerciseSeven\DndApp.csproj", "{85EB349F-C3D6-47DB-8A9F-D25EBFB9BFE6}"
EndProject
Global
	GlobalSection(SolutionConfigurationPlatforms) = preSolution
		Debug|Any CPU = Debug|Any CPU
		Release|Any CPU = Release|Any CPU
	EndGlobalSection
	GlobalSection(ProjectConfigurationPlatforms) = postSolution
		{729B5506-2B5F-4120-9D56-DF51B4B0A0EE}.Debug|Any CPU.ActiveCfg = Debug|Any CPU
		{729B5506-2B5F-4120-9D56-DF51B4B0A0EE}.Debug|Any CPU.Build.0 = Debug|Any CPU
		{729B5506-2B5F-4120-9D56-DF51B4B0A0EE}.Release|Any CPU.ActiveCfg = Release|Any CPU
		{729B5506-2B5F-4120-9D56-DF51B4B0A0EE}.Release|Any CPU.Build.0 = Release|Any CPU
		{29485215-4F64-4B77-9F73-82EE4FDCD100}.Debug|Any CPU.ActiveCfg = Debug|Any CPU
		{29485215-4F64-4B77-9F73-82EE4FDCD100}.Debug|Any CPU.Build.0 = Debug|Any CPU
		{29485215-4F64-4B77-9F73-82EE4FDCD100}.Release|Any CPU.ActiveCfg = Release|Any CPU
		{29485215-4F64-4B77-9F73-82EE4FDCD100}.Release|Any CPU.Build.0 = Release|Any CPU
		{85EB349F-C3D6-47DB-8A9F-D25EBFB9BFE6}.Debug|Any CPU.ActiveCfg = Debug|Any CPU
		{85EB349F-C3D6-47DB-8A9F-D25EBFB9BFE6}.Debug|Any CPU.Build.0 = Debug|Any CPU
		{85EB349F-C3D6-47DB-8A9F-D25EBFB9BFE6}.Release|Any CPU.ActiveCfg = Release|Any CPU
		{85EB349F-C3D6-47DB-8A9F-D25EBFB9BFE6}.Release|Any CPU.Build.0 = Release|Any CPU
	EndGlobalSection
	GlobalSection(SolutionProperties) = preSolution
		HideSolutionNode = FALSE
	EndGlobalSection
	GlobalSection(ExtensibilityGlobals) = postSolution
		SolutionGuid = {09BB215B-144D-4760-84DF-1C1409460814}
	EndGlobalSection
EndGlobal
