
Microsoft Visual Studio Solution File, Format Version 12.00
# Visual Studio 15
VisualStudioVersion = 15.0.28307.438
MinimumVisualStudioVersion = 10.0.40219.1
Project("{FAE04EC0-301F-11D3-BF4B-00C04F79EFBC}") = "LabSeven", "LabSeven\LabSeven.csproj", "{FF35787A-0629-446D-9212-7248CBD329E1}"
EndProject
Project("{FAE04EC0-301F-11D3-BF4B-00C04F79EFBC}") = "AdventureWorks", "AdventureWorks\AdventureWorks.csproj", "{0CA96C2D-5310-46A4-88BD-E12DE030D697}"
EndProject
Global
	GlobalSection(SolutionConfigurationPlatforms) = preSolution
		Debug|Any CPU = Debug|Any CPU
		Release|Any CPU = Release|Any CPU
	EndGlobalSection
	GlobalSection(ProjectConfigurationPlatforms) = postSolution
		{FF35787A-0629-446D-9212-7248CBD329E1}.Debug|Any CPU.ActiveCfg = Debug|Any CPU
		{FF35787A-0629-446D-9212-7248CBD329E1}.Debug|Any CPU.Build.0 = Debug|Any CPU
		{FF35787A-0629-446D-9212-7248CBD329E1}.Release|Any CPU.ActiveCfg = Release|Any CPU
		{FF35787A-0629-446D-9212-7248CBD329E1}.Release|Any CPU.Build.0 = Release|Any CPU
		{0CA96C2D-5310-46A4-88BD-E12DE030D697}.Debug|Any CPU.ActiveCfg = Debug|Any CPU
		{0CA96C2D-5310-46A4-88BD-E12DE030D697}.Debug|Any CPU.Build.0 = Debug|Any CPU
		{0CA96C2D-5310-46A4-88BD-E12DE030D697}.Release|Any CPU.ActiveCfg = Release|Any CPU
		{0CA96C2D-5310-46A4-88BD-E12DE030D697}.Release|Any CPU.Build.0 = Release|Any CPU
	EndGlobalSection
	GlobalSection(SolutionProperties) = preSolution
		HideSolutionNode = FALSE
	EndGlobalSection
	GlobalSection(ExtensibilityGlobals) = postSolution
		SolutionGuid = {A37C2C3F-CC63-4927-BC20-448FBF4BE720}
	EndGlobalSection
EndGlobal
